
Microsoft Visual Studio Solution File, Format Version 12.00
Project("{FAE04EC0-301F-11D3-BF4B-00C04F79EFBC}") = "PocketTrainer", "PocketTrainer\PocketTrainer\PocketTrainer.csproj", "{9DC298AC-9374-4CC6-9DC6-0550D83214A7}"
EndProject
Project("{FAE04EC0-301F-11D3-BF4B-00C04F79EFBC}") = "PocketTrainer.Android", "PocketTrainer\PocketTrainer.Android\PocketTrainer.Android.csproj", "{2BDCFA6F-5EFE-4661-AEEB-1B30B28D7070}"
EndProject
Project("{FAE04EC0-301F-11D3-BF4B-00C04F79EFBC}") = "PocketTrainer.iOS", "PocketTrainer\PocketTrainer.iOS\PocketTrainer.iOS.csproj", "{1B4AF496-2383-45B0-A6B8-205135787D9B}"
EndProject
Global
	GlobalSection(SolutionConfigurationPlatforms) = preSolution
		Ad-Hoc|iPhone = Ad-Hoc|iPhone
		AppStore|iPhone = AppStore|iPhone
		Debug|Any CPU = Debug|Any CPU
		Debug|iPhone = Debug|iPhone
		Debug|iPhoneSimulator = Debug|iPhoneSimulator
		Release|Any CPU = Release|Any CPU
		Release|iPhone = Release|iPhone
		Release|iPhoneSimulator = Release|iPhoneSimulator
	EndGlobalSection
	GlobalSection(ProjectConfigurationPlatforms) = postSolution
		{9DC298AC-9374-4CC6-9DC6-0550D83214A7}.Ad-Hoc|iPhone.ActiveCfg = Debug|Any CPU
		{9DC298AC-9374-4CC6-9DC6-0550D83214A7}.Ad-Hoc|iPhone.Build.0 = Debug|Any CPU
		{9DC298AC-9374-4CC6-9DC6-0550D83214A7}.AppStore|iPhone.ActiveCfg = Debug|Any CPU
		{9DC298AC-9374-4CC6-9DC6-0550D83214A7}.AppStore|iPhone.Build.0 = Debug|Any CPU
		{9DC298AC-9374-4CC6-9DC6-0550D83214A7}.Debug|Any CPU.ActiveCfg = Debug|Any CPU
		{9DC298AC-9374-4CC6-9DC6-0550D83214A7}.Debug|Any CPU.Build.0 = Debug|Any CPU
		{9DC298AC-9374-4CC6-9DC6-0550D83214A7}.Debug|iPhone.ActiveCfg = Debug|Any CPU
		{9DC298AC-9374-4CC6-9DC6-0550D83214A7}.Debug|iPhone.Build.0 = Debug|Any CPU
		{9DC298AC-9374-4CC6-9DC6-0550D83214A7}.Debug|iPhoneSimulator.ActiveCfg = Debug|Any CPU
		{9DC298AC-9374-4CC6-9DC6-0550D83214A7}.Debug|iPhoneSimulator.Build.0 = Debug|Any CPU
		{9DC298AC-9374-4CC6-9DC6-0550D83214A7}.Release|Any CPU.ActiveCfg = Release|Any CPU
		{9DC298AC-9374-4CC6-9DC6-0550D83214A7}.Release|Any CPU.Build.0 = Release|Any CPU
		{9DC298AC-9374-4CC6-9DC6-0550D83214A7}.Release|iPhone.ActiveCfg = Release|Any CPU
		{9DC298AC-9374-4CC6-9DC6-0550D83214A7}.Release|iPhone.Build.0 = Release|Any CPU
		{9DC298AC-9374-4CC6-9DC6-0550D83214A7}.Release|iPhoneSimulator.ActiveCfg = Release|Any CPU
		{9DC298AC-9374-4CC6-9DC6-0550D83214A7}.Release|iPhoneSimulator.Build.0 = Release|Any CPU
		{2BDCFA6F-5EFE-4661-AEEB-1B30B28D7070}.Ad-Hoc|iPhone.ActiveCfg = Debug|Any CPU
		{2BDCFA6F-5EFE-4661-AEEB-1B30B28D7070}.Ad-Hoc|iPhone.Build.0 = Debug|Any CPU
		{2BDCFA6F-5EFE-4661-AEEB-1B30B28D7070}.Ad-Hoc|iPhone.Deploy.0 = Debug|Any CPU
		{2BDCFA6F-5EFE-4661-AEEB-1B30B28D7070}.AppStore|iPhone.ActiveCfg = Debug|Any CPU
		{2BDCFA6F-5EFE-4661-AEEB-1B30B28D7070}.AppStore|iPhone.Build.0 = Debug|Any CPU
		{2BDCFA6F-5EFE-4661-AEEB-1B30B28D7070}.AppStore|iPhone.Deploy.0 = Debug|Any CPU
		{2BDCFA6F-5EFE-4661-AEEB-1B30B28D7070}.Debug|Any CPU.ActiveCfg = Debug|Any CPU
		{2BDCFA6F-5EFE-4661-AEEB-1B30B28D7070}.Debug|Any CPU.Build.0 = Debug|Any CPU
		{2BDCFA6F-5EFE-4661-AEEB-1B30B28D7070}.Debug|Any CPU.Deploy.0 = Debug|Any CPU
		{2BDCFA6F-5EFE-4661-AEEB-1B30B28D7070}.Debug|iPhone.ActiveCfg = Debug|Any CPU
		{2BDCFA6F-5EFE-4661-AEEB-1B30B28D7070}.Debug|iPhone.Build.0 = Debug|Any CPU
		{2BDCFA6F-5EFE-4661-AEEB-1B30B28D7070}.Debug|iPhone.Deploy.0 = Debug|Any CPU
		{2BDCFA6F-5EFE-4661-AEEB-1B30B28D7070}.Debug|iPhoneSimulator.ActiveCfg = Debug|Any CPU
		{2BDCFA6F-5EFE-4661-AEEB-1B30B28D7070}.Debug|iPhoneSimulator.Build.0 = Debug|Any CPU
		{2BDCFA6F-5EFE-4661-AEEB-1B30B28D7070}.Debug|iPhoneSimulator.Deploy.0 = Debug|Any CPU
		{2BDCFA6F-5EFE-4661-AEEB-1B30B28D7070}.Release|Any CPU.ActiveCfg = Release|Any CPU
		{2BDCFA6F-5EFE-4661-AEEB-1B30B28D7070}.Release|Any CPU.Build.0 = Release|Any CPU
		{2BDCFA6F-5EFE-4661-AEEB-1B30B28D7070}.Release|Any CPU.Deploy.0 = Release|Any CPU
		{2BDCFA6F-5EFE-4661-AEEB-1B30B28D7070}.Release|iPhone.ActiveCfg = Release|Any CPU
		{2BDCFA6F-5EFE-4661-AEEB-1B30B28D7070}.Release|iPhone.Build.0 = Release|Any CPU
		{2BDCFA6F-5EFE-4661-AEEB-1B30B28D7070}.Release|iPhone.Deploy.0 = Release|Any CPU
		{2BDCFA6F-5EFE-4661-AEEB-1B30B28D7070}.Release|iPhoneSimulator.ActiveCfg = Release|Any CPU
		{2BDCFA6F-5EFE-4661-AEEB-1B30B28D7070}.Release|iPhoneSimulator.Build.0 = Release|Any CPU
		{2BDCFA6F-5EFE-4661-AEEB-1B30B28D7070}.Release|iPhoneSimulator.Deploy.0 = Release|Any CPU
		{1B4AF496-2383-45B0-A6B8-205135787D9B}.Ad-Hoc|iPhone.ActiveCfg = Ad-Hoc|iPhone
		{1B4AF496-2383-45B0-A6B8-205135787D9B}.Ad-Hoc|iPhone.Build.0 = Ad-Hoc|iPhone
		{1B4AF496-2383-45B0-A6B8-205135787D9B}.Ad-Hoc|iPhone.Deploy.0 = Ad-Hoc|iPhone
		{1B4AF496-2383-45B0-A6B8-205135787D9B}.AppStore|iPhone.ActiveCfg = AppStore|iPhone
		{1B4AF496-2383-45B0-A6B8-205135787D9B}.AppStore|iPhone.Build.0 = AppStore|iPhone
		{1B4AF496-2383-45B0-A6B8-205135787D9B}.AppStore|iPhone.Deploy.0 = AppStore|iPhone
		{1B4AF496-2383-45B0-A6B8-205135787D9B}.Debug|Any CPU.ActiveCfg = Debug|iPhoneSimulator
		{1B4AF496-2383-45B0-A6B8-205135787D9B}.Debug|Any CPU.Build.0 = Debug|iPhoneSimulator
		{1B4AF496-2383-45B0-A6B8-205135787D9B}.Debug|Any CPU.Deploy.0 = Debug|iPhoneSimulator
		{1B4AF496-2383-45B0-A6B8-205135787D9B}.Debug|iPhone.ActiveCfg = Debug|iPhone
		{1B4AF496-2383-45B0-A6B8-205135787D9B}.Debug|iPhone.Build.0 = Debug|iPhone
		{1B4AF496-2383-45B0-A6B8-205135787D9B}.Debug|iPhone.Deploy.0 = Debug|iPhone
		{1B4AF496-2383-45B0-A6B8-205135787D9B}.Debug|iPhoneSimulator.ActiveCfg = Debug|iPhoneSimulator
		{1B4AF496-2383-45B0-A6B8-205135787D9B}.Debug|iPhoneSimulator.Build.0 = Debug|iPhoneSimulator
		{1B4AF496-2383-45B0-A6B8-205135787D9B}.Debug|iPhoneSimulator.Deploy.0 = Debug|iPhoneSimulator
		{1B4AF496-2383-45B0-A6B8-205135787D9B}.Release|Any CPU.ActiveCfg = Release|iPhoneSimulator
		{1B4AF496-2383-45B0-A6B8-205135787D9B}.Release|Any CPU.Build.0 = Release|iPhoneSimulator
		{1B4AF496-2383-45B0-A6B8-205135787D9B}.Release|Any CPU.Deploy.0 = Release|iPhoneSimulator
		{1B4AF496-2383-45B0-A6B8-205135787D9B}.Release|iPhone.ActiveCfg = Release|iPhone
		{1B4AF496-2383-45B0-A6B8-205135787D9B}.Release|iPhone.Build.0 = Release|iPhone
		{1B4AF496-2383-45B0-A6B8-205135787D9B}.Release|iPhone.Deploy.0 = Release|iPhone
		{1B4AF496-2383-45B0-A6B8-205135787D9B}.Release|iPhoneSimulator.ActiveCfg = Release|iPhoneSimulator
		{1B4AF496-2383-45B0-A6B8-205135787D9B}.Release|iPhoneSimulator.Build.0 = Release|iPhoneSimulator
		{1B4AF496-2383-45B0-A6B8-205135787D9B}.Release|iPhoneSimulator.Deploy.0 = Release|iPhoneSimulator
	EndGlobalSection
EndGlobal
